
Microsoft Visual Studio Solution File, Format Version 12.00
# Visual Studio Version 16
VisualStudioVersion = 16.0.29306.81
MinimumVisualStudioVersion = 10.0.40219.1
Project("{FAE04EC0-301F-11D3-BF4B-00C04F79EFBC}") = "12_14_patkanyTricikli", "12_14_patkanyTricikli\12_14_patkanyTricikli.csproj", "{A81202F8-2995-4309-9FB8-349A95D814C3}"
EndProject
Global
	GlobalSection(SolutionConfigurationPlatforms) = preSolution
		Debug|Any CPU = Debug|Any CPU
		Release|Any CPU = Release|Any CPU
	EndGlobalSection
	GlobalSection(ProjectConfigurationPlatforms) = postSolution
		{A81202F8-2995-4309-9FB8-349A95D814C3}.Debug|Any CPU.ActiveCfg = Debug|Any CPU
		{A81202F8-2995-4309-9FB8-349A95D814C3}.Debug|Any CPU.Build.0 = Debug|Any CPU
		{A81202F8-2995-4309-9FB8-349A95D814C3}.Release|Any CPU.ActiveCfg = Release|Any CPU
		{A81202F8-2995-4309-9FB8-349A95D814C3}.Release|Any CPU.Build.0 = Release|Any CPU
	EndGlobalSection
	GlobalSection(SolutionProperties) = preSolution
		HideSolutionNode = FALSE
	EndGlobalSection
	GlobalSection(ExtensibilityGlobals) = postSolution
		SolutionGuid = {40F69C89-3C27-4B43-84B0-90BAA0D38FBE}
	EndGlobalSection
EndGlobal
